
Microsoft Visual Studio Solution File, Format Version 12.00
Project("{FAE04EC0-301F-11D3-BF4B-00C04F79EFBC}") = "DesignPatterns", "DesignPatterns\DesignPatterns.csproj", "{C5664C95-7565-421A-B81D-A5F3F401620A}"
EndProject
Project("{FAE04EC0-301F-11D3-BF4B-00C04F79EFBC}") = "DesignPatternsUnitTests", "DesignPatternsUnitTests\DesignPatternsUnitTests.csproj", "{7CE30105-D402-4F7F-B029-8CB6ABCD74E6}"
EndProject
Global
	GlobalSection(SolutionConfigurationPlatforms) = preSolution
		Debug|Any CPU = Debug|Any CPU
		Release|Any CPU = Release|Any CPU
	EndGlobalSection
	GlobalSection(ProjectConfigurationPlatforms) = postSolution
		{C5664C95-7565-421A-B81D-A5F3F401620A}.Debug|Any CPU.ActiveCfg = Debug|Any CPU
		{C5664C95-7565-421A-B81D-A5F3F401620A}.Debug|Any CPU.Build.0 = Debug|Any CPU
		{C5664C95-7565-421A-B81D-A5F3F401620A}.Release|Any CPU.ActiveCfg = Release|Any CPU
		{C5664C95-7565-421A-B81D-A5F3F401620A}.Release|Any CPU.Build.0 = Release|Any CPU
		{7CE30105-D402-4F7F-B029-8CB6ABCD74E6}.Debug|Any CPU.ActiveCfg = Debug|Any CPU
		{7CE30105-D402-4F7F-B029-8CB6ABCD74E6}.Debug|Any CPU.Build.0 = Debug|Any CPU
		{7CE30105-D402-4F7F-B029-8CB6ABCD74E6}.Release|Any CPU.ActiveCfg = Release|Any CPU
		{7CE30105-D402-4F7F-B029-8CB6ABCD74E6}.Release|Any CPU.Build.0 = Release|Any CPU
	EndGlobalSection
EndGlobal
